{
  "name": "teste-LDP",
  "lockfileVersion": 3,
  "requires": true,
  "packages": {
    "": {
      "dependencies": {
        "ldp-interval": "^1.0.2"
      }
    },
    "node_modules/ldp-interval": {
      "version": "1.0.2",
      "resolved": "https://registry.npmjs.org/ldp-interval/-/ldp-interval-1.0.2.tgz",
      "integrity": "sha512-jc8yx3AIdv+9UuOS1oyesKsDNPvOQbiiIW2zeWawFg7DYOMgm7UuHaooeJv+GSx8+mrV9G9biYyS/O5/7GmCEg==",
      "license": "MIT"
    }
  }
}
